
Microsoft Visual Studio Solution File, Format Version 12.00
# Visual Studio Version 16
VisualStudioVersion = 16.0.31729.503
MinimumVisualStudioVersion = 10.0.40219.1
Project("{FAE04EC0-301F-11D3-BF4B-00C04F79EFBC}") = "STS - Yeni Nesil Sınav Takip Modülü", "STS - Yeni Nesil Sınav Takip Modülü\STS - Yeni Nesil Sınav Takip Modülü.csproj", "{DB147FB3-95CA-427E-8D09-962A4889EB22}"
EndProject
Project("{54435603-DBB4-11D2-8724-00A0C9A8B90C}") = "STS - Yeni Nesil Sınav Takip Modulü", "setup\setup.vdproj", "{603C993D-DCC8-4E48-BB97-5A11E1A5560D}"
EndProject
Global
	GlobalSection(SolutionConfigurationPlatforms) = preSolution
		Debug|Any CPU = Debug|Any CPU
		Release|Any CPU = Release|Any CPU
	EndGlobalSection
	GlobalSection(ProjectConfigurationPlatforms) = postSolution
		{DB147FB3-95CA-427E-8D09-962A4889EB22}.Debug|Any CPU.ActiveCfg = Debug|Any CPU
		{DB147FB3-95CA-427E-8D09-962A4889EB22}.Debug|Any CPU.Build.0 = Debug|Any CPU
		{DB147FB3-95CA-427E-8D09-962A4889EB22}.Release|Any CPU.ActiveCfg = Release|Any CPU
		{DB147FB3-95CA-427E-8D09-962A4889EB22}.Release|Any CPU.Build.0 = Release|Any CPU
		{603C993D-DCC8-4E48-BB97-5A11E1A5560D}.Debug|Any CPU.ActiveCfg = Release
		{603C993D-DCC8-4E48-BB97-5A11E1A5560D}.Release|Any CPU.ActiveCfg = Release
	EndGlobalSection
	GlobalSection(SolutionProperties) = preSolution
		HideSolutionNode = FALSE
	EndGlobalSection
	GlobalSection(ExtensibilityGlobals) = postSolution
		SolutionGuid = {2F9A6FE5-BCB4-4BC6-973A-A5DB46A895A4}
	EndGlobalSection
EndGlobal
